
Microsoft Visual Studio Solution File, Format Version 12.00
# Visual Studio Version 16
VisualStudioVersion = 16.0.31702.278
MinimumVisualStudioVersion = 10.0.40219.1
Project("{FAE04EC0-301F-11D3-BF4B-00C04F79EFBC}") = "DevBuildLab10-25-UsedCarLot", "DevBuildLab10-25-UsedCarLot\DevBuildLab10-25-UsedCarLot.csproj", "{6320DE8A-93D7-4A7E-BE96-0512E3410430}"
EndProject
Global
	GlobalSection(SolutionConfigurationPlatforms) = preSolution
		Debug|Any CPU = Debug|Any CPU
		Release|Any CPU = Release|Any CPU
	EndGlobalSection
	GlobalSection(ProjectConfigurationPlatforms) = postSolution
		{6320DE8A-93D7-4A7E-BE96-0512E3410430}.Debug|Any CPU.ActiveCfg = Debug|Any CPU
		{6320DE8A-93D7-4A7E-BE96-0512E3410430}.Debug|Any CPU.Build.0 = Debug|Any CPU
		{6320DE8A-93D7-4A7E-BE96-0512E3410430}.Release|Any CPU.ActiveCfg = Release|Any CPU
		{6320DE8A-93D7-4A7E-BE96-0512E3410430}.Release|Any CPU.Build.0 = Release|Any CPU
	EndGlobalSection
	GlobalSection(SolutionProperties) = preSolution
		HideSolutionNode = FALSE
	EndGlobalSection
	GlobalSection(ExtensibilityGlobals) = postSolution
		SolutionGuid = {4FE6064B-4C04-4313-9D99-F79D8EDFB866}
	EndGlobalSection
EndGlobal
